
Microsoft Visual Studio Solution File, Format Version 12.00
# Visual Studio Version 17
VisualStudioVersion = 17.8.34330.188
MinimumVisualStudioVersion = 10.0.40219.1
Project("{FAE04EC0-301F-11D3-BF4B-00C04F79EFBC}") = "VMRI", "VMRI.csproj", "{CE81262B-1B0E-45DF-B820-9B5DB6F0AA78}"
EndProject
Global
	GlobalSection(SolutionConfigurationPlatforms) = preSolution
		Debug|Any CPU = Debug|Any CPU
		Release|Any CPU = Release|Any CPU
	EndGlobalSection
	GlobalSection(ProjectConfigurationPlatforms) = postSolution
		{CE81262B-1B0E-45DF-B820-9B5DB6F0AA78}.Debug|Any CPU.ActiveCfg = Debug|Any CPU
		{CE81262B-1B0E-45DF-B820-9B5DB6F0AA78}.Debug|Any CPU.Build.0 = Debug|Any CPU
		{CE81262B-1B0E-45DF-B820-9B5DB6F0AA78}.Release|Any CPU.ActiveCfg = Release|Any CPU
		{CE81262B-1B0E-45DF-B820-9B5DB6F0AA78}.Release|Any CPU.Build.0 = Release|Any CPU
	EndGlobalSection
	GlobalSection(SolutionProperties) = preSolution
		HideSolutionNode = FALSE
	EndGlobalSection
	GlobalSection(ExtensibilityGlobals) = postSolution
		SolutionGuid = {7FD53A81-02A1-49FF-AF38-AF5A5E1221EF}
	EndGlobalSection
EndGlobal
